
Microsoft Visual Studio Solution File, Format Version 12.00
# Visual Studio Version 17
VisualStudioVersion = 17.6.33815.320
MinimumVisualStudioVersion = 10.0.40219.1
Project("{9A19103F-16F7-4668-BE54-9A1E7A4F7556}") = "GerenciamentoMateriaPrima", "GerenciamentoMateriaPrima.csproj", "{AAA4360E-FE0B-4A01-B2A4-3C8CD45B417C}"
EndProject
Project("{2150E333-8FDC-42A3-9474-1A3956D46DE8}") = "SolutionItems", "SolutionItems", "{FB717BE0-E3D9-4C99-9057-8C77244C3FBC}"
	ProjectSection(SolutionItems) = preProject
		..\.gitignore = ..\.gitignore
		..\README.md = ..\README.md
	EndProjectSection
EndProject
Global
	GlobalSection(SolutionConfigurationPlatforms) = preSolution
		Debug|Any CPU = Debug|Any CPU
		Release|Any CPU = Release|Any CPU
	EndGlobalSection
	GlobalSection(ProjectConfigurationPlatforms) = postSolution
		{AAA4360E-FE0B-4A01-B2A4-3C8CD45B417C}.Debug|Any CPU.ActiveCfg = Debug|Any CPU
		{AAA4360E-FE0B-4A01-B2A4-3C8CD45B417C}.Debug|Any CPU.Build.0 = Debug|Any CPU
		{AAA4360E-FE0B-4A01-B2A4-3C8CD45B417C}.Release|Any CPU.ActiveCfg = Release|Any CPU
		{AAA4360E-FE0B-4A01-B2A4-3C8CD45B417C}.Release|Any CPU.Build.0 = Release|Any CPU
	EndGlobalSection
	GlobalSection(SolutionProperties) = preSolution
		HideSolutionNode = FALSE
	EndGlobalSection
	GlobalSection(ExtensibilityGlobals) = postSolution
		SolutionGuid = {E36DDF8A-D4D8-45F4-BF57-74795FAAD683}
	EndGlobalSection
EndGlobal
